PODS:
  - AFNetworking (4.0.1):
    - AFNetworking/NSURLSession (= 4.0.1)
    - AFNetworking/Reachability (= 4.0.1)
    - AFNetworking/Security (= 4.0.1)
    - AFNetworking/Serialization (= 4.0.1)
    - AFNetworking/UIKit (= 4.0.1)
  - AFNetworking/NSURLSession (4.0.1):
    - AFNetworking/Reachability
    - AFNetworking/Security
    - AFNetworking/Serialization
  - AFNetworking/Reachability (4.0.1)
  - AFNetworking/Security (4.0.1)
  - AFNetworking/Serialization (4.0.1)
  - AFNetworking/UIKit (4.0.1):
    - AFNetworking/NSURLSession
  - DZRPageMenuController (1.1.3)
  - JRSwizzle (1.0)
  - Masonry (1.1.0)
  - MBProgressHUD (1.2.0)
  - MJExtension (3.4.1)
  - MJRefresh (3.7.6)
  - Realm (10.44.0):
    - Realm/Headers (= 10.44.0)
  - Realm/Headers (10.44.0)
  - SDCycleScrollView (1.82):
    - SDWebImage (>= 5.0.0)
  - SDWebImage (5.18.8):
    - SDWebImage/Core (= 5.18.8)
  - SDWebImage/Core (5.18.8)
  - TZImagePickerController (3.8.4):
    - TZImagePickerController/Basic (= 3.8.4)
    - TZImagePickerController/Location (= 3.8.4)
  - TZImagePickerController/Basic (3.8.4)
  - TZImagePickerController/Location (3.8.4)

DEPENDENCIES:
  - AFNetworking (~> 4.0.1)
  - DZRPageMenuController (~> 1.1.3)
  - JRSwizzle
  - Masonry (~> 1.1.0)
  - MBProgressHUD (~> 1.2.0)
  - MJExtension (~> 3.4.1)
  - MJRefresh (~> 3.7.6)
  - Realm (~> 10.44.0)
  - SDCycleScrollView (~> 1.82)
  - SDWebImage (~> 5.18.7)
  - TZImagePickerController

SPEC REPOS:
  https://github.com/CocoaPods/Specs.git:
    - DZRPageMenuController
    - JRSwizzle
  trunk:
    - AFNetworking
    - Masonry
    - MBProgressHUD
    - MJExtension
    - MJRefresh
    - Realm
    - SDCycleScrollView
    - SDWebImage
    - TZImagePickerController

SPEC CHECKSUMS:
  AFNetworking: 3bd23d814e976cd148d7d44c3ab78017b744cd58
  DZRPageMenuController: c87a7c9ea83c218564b2203e29257d8d92ddb372
  JRSwizzle: 2bef81a8176f9a93fb6d7ae96147654601efd860
  Masonry: 678fab65091a9290e40e2832a55e7ab731aad201
  MBProgressHUD: 3ee5efcc380f6a79a7cc9b363dd669c5e1ae7406
  MJExtension: 21c5f6f8c4d5d8844b7ae8fbae08fed0b501f961
  MJRefresh: 2fe7fb43a5167ceda20bb7e63f130c04fd1814a5
  Realm: 0419a32457873acb720df25bf1d658df36967cf2
  SDCycleScrollView: a0d74c3384caa72bdfc81470bdbc8c14b3e1fbcf
  SDWebImage: a81bbb3ba4ea5f810f4069c68727cb118467a04a
  TZImagePickerController: f1c9f1cae6ac0e30b31aaa9698f9bf4a7cf5b84f

PODFILE CHECKSUM: b55ab5b5288fe4da33122ae4775dd36b1bcdacfb

COCOAPODS: 1.14.3
